// !$*UTF8*$!
{
	archiveVersion = 1;
	classes = {
	};
	objectVersion = 56;
	objects = {

/* Begin PBXBuildFile section */
		18C93A602B72587A00901A96 /* AppDelegate.swift in Sources */ = {isa = PBXBuildFile; fileRef = 18C93A5F2B72587A00901A96 /* AppDelegate.swift */; };
		18C93A622B72587A00901A96 /* SceneDelegate.swift in Sources */ = {isa = PBXBuildFile; fileRef = 18C93A612B72587A00901A96 /* SceneDelegate.swift */; };
		18C93A642B72587A00901A96 /* ViewController.swift in Sources */ = {isa = PBXBuildFile; fileRef = 18C93A632B72587A00901A96 /* ViewController.swift */; };
		18C93A672B72587A00901A96 /* Main.storyboard in Resources */ = {isa = PBXBuildFile; fileRef = 18C93A652B72587A00901A96 /* Main.storyboard */; };
		18C93A692B72588900901A96 /* Assets.xcassets in Resources */ = {isa = PBXBuildFile; fileRef = 18C93A682B72588900901A96 /* Assets.xcassets */; };
		18C93A6C2B72588900901A96 /* LaunchScreen.storyboard in Resources */ = {isa = PBXBuildFile; fileRef = 18C93A6A2B72588900901A96 /* LaunchScreen.storyboard */; };
		18C93A772B72588900901A96 /* RandomDogGeneratorTests.swift in Sources */ = {isa = PBXBuildFile; fileRef = 18C93A762B72588900901A96 /* RandomDogGeneratorTests.swift */; };
		18C93A812B72588900901A96 /* RandomDogGeneratorUITests.swift in Sources */ = {isa = PBXBuildFile; fileRef = 18C93A802B72588900901A96 /* RandomDogGeneratorUITests.swift */; };
		18C93A832B72588900901A96 /* RandomDogGeneratorUITestsLaunchTests.swift in Sources */ = {isa = PBXBuildFile; fileRef = 18C93A822B72588900901A96 /* RandomDogGeneratorUITestsLaunchTests.swift */; };
/* End PBXBuildFile section */

/* Begin PBXContainerItemProxy section */
		18C93A732B72588900901A96 /* PBXContainerItemProxy */ = {
			isa = PBXContainerItemProxy;
			containerPortal = 18C93A542B72587A00901A96 /* Project object */;
			proxyType = 1;
			remoteGlobalIDString = 18C93A5B2B72587A00901A96;
			remoteInfo = RandomDogGenerator;
		};
		18C93A7D2B72588900901A96 /* PBXContainerItemProxy */ = {
			isa = PBXContainerItemProxy;
			containerPortal = 18C93A542B72587A00901A96 /* Project object */;
			proxyType = 1;
			remoteGlobalIDString = 18C93A5B2B72587A00901A96;
			remoteInfo = RandomDogGenerator;
		};
/* End PBXContainerItemProxy section */

/* Begin PBXFileReference section */
		18C93A5C2B72587A00901A96 /* RandomDogGenerator.app */ = {isa = PBXFileReference; explicitFileType = wrapper.application; includeInIndex = 0; path = RandomDogGenerator.app; sourceTree = BUILT_PRODUCTS_DIR; };
		18C93A5F2B72587A00901A96 /* AppDelegate.swift */ = {isa = PBXFileReference; lastKnownFileType = sourcecode.swift; path = AppDelegate.swift; sourceTree = "<group>"; };
		18C93A612B72587A00901A96 /* SceneDelegate.swift */ = {isa = PBXFileReference; lastKnownFileType = sourcecode.swift; path = SceneDelegate.swift; sourceTree = "<group>"; };
		18C93A632B72587A00901A96 /* ViewController.swift */ = {isa = PBXFileReference; lastKnownFileType = sourcecode.swift; path = ViewController.swift; sourceTree = "<group>"; };
		18C93A662B72587A00901A96 /* Base */ = {isa = PBXFileReference; lastKnownFileType = file.storyboard; name = Base; path = Base.lproj/Main.storyboard; sourceTree = "<group>"; };
		18C93A682B72588900901A96 /* Assets.xcassets */ = {isa = PBXFileReference; lastKnownFileType = folder.assetcatalog; path = Assets.xcassets; sourceTree = "<group>"; };
		18C93A6B2B72588900901A96 /* Base */ = {isa = PBXFileReference; lastKnownFileType = file.storyboard; name = Base; path = Base.lproj/LaunchScreen.storyboard; sourceTree = "<group>"; };
		18C93A6D2B72588900901A96 /* Info.plist */ = {isa = PBXFileReference; lastKnownFileType = text.plist.xml; path = Info.plist; sourceTree = "<group>"; };
		18C93A722B72588900901A96 /* RandomDogGeneratorTests.xctest */ = {isa = PBXFileReference; explicitFileType = wrapper.cfbundle; includeInIndex = 0; path = RandomDogGeneratorTests.xctest; sourceTree = BUILT_PRODUCTS_DIR; };
		18C93A762B72588900901A96 /* RandomDogGeneratorTests.swift */ = {isa = PBXFileReference; lastKnownFileType = sourcecode.swift; path = RandomDogGeneratorTests.swift; sourceTree = "<group>"; };
		18C93A7C2B72588900901A96 /* RandomDogGeneratorUITests.xctest */ = {isa = PBXFileReference; explicitFileType = wrapper.cfbundle; includeInIndex = 0; path = RandomDogGeneratorUITests.xctest; sourceTree = BUILT_PRODUCTS_DIR; };
		18C93A802B72588900901A96 /* RandomDogGeneratorUITests.swift */ = {isa = PBXFileReference; lastKnownFileType = sourcecode.swift; path = RandomDogGeneratorUITests.swift; sourceTree = "<group>"; };
		18C93A822B72588900901A96 /* RandomDogGeneratorUITestsLaunchTests.swift */ = {isa = PBXFileReference; lastKnownFileType = sourcecode.swift; path = RandomDogGeneratorUITestsLaunchTests.swift; sourceTree = "<group>"; };
/* End PBXFileReference section */

/* Begin PBXFrameworksBuildPhase section */
		18C93A592B72587A00901A96 /* Frameworks */ = {
			isa = PBXFrameworksBuildPhase;
			buildActionMask = 2147483647;
			files = (
			);
			runOnlyForDeploymentPostprocessing = 0;
		};
		18C93A6F2B72588900901A96 /* Frameworks */ = {
			isa = PBXFrameworksBuildPhase;
			buildActionMask = 2147483647;
			files = (
			);
			runOnlyForDeploymentPostprocessing = 0;
		};
		18C93A792B72588900901A96 /* Frameworks */ = {
			isa = PBXFrameworksBuildPhase;
			buildActionMask = 2147483647;
			files = (
			);
			runOnlyForDeploymentPostprocessing = 0;
		};
/* End PBXFrameworksBuildPhase section */

/* Begin PBXGroup section */
		18C93A532B72587A00901A96 = {
			isa = PBXGroup;
			children = (
				18C93A5E2B72587A00901A96 /* RandomDogGenerator */,
				18C93A752B72588900901A96 /* RandomDogGeneratorTests */,
				18C93A7F2B72588900901A96 /* RandomDogGeneratorUITests */,
				18C93A5D2B72587A00901A96 /* Products */,
			);
			sourceTree = "<group>";
		};
		18C93A5D2B72587A00901A96 /* Products */ = {
			isa = PBXGroup;
			children = (
				18C93A5C2B72587A00901A96 /* RandomDogGenerator.app */,
				18C93A722B72588900901A96 /* RandomDogGeneratorTests.xctest */,
				18C93A7C2B72588900901A96 /* RandomDogGeneratorUITests.xctest */,
			);
			name = Products;
			sourceTree = "<group>";
		};
		18C93A5E2B72587A00901A96 /* RandomDogGenerator */ = {
			isa = PBXGroup;
			children = (
				18C93A5F2B72587A00901A96 /* AppDelegate.swift */,
				18C93A612B72587A00901A96 /* SceneDelegate.swift */,
				18C93A632B72587A00901A96 /* ViewController.swift */,
				18C93A652B72587A00901A96 /* Main.storyboard */,
				18C93A682B72588900901A96 /* Assets.xcassets */,
				18C93A6A2B72588900901A96 /* LaunchScreen.storyboard */,
				18C93A6D2B72588900901A96 /* Info.plist */,
			);
			path = RandomDogGenerator;
			sourceTree = "<group>";
		};
		18C93A752B72588900901A96 /* RandomDogGeneratorTests */ = {
			isa = PBXGroup;
			children = (
				18C93A762B72588900901A96 /* RandomDogGeneratorTests.swift */,
			);
			path = RandomDogGeneratorTests;
			sourceTree = "<group>";
		};
		18C93A7F2B72588900901A96 /* RandomDogGeneratorUITests */ = {
			isa = PBXGroup;
			children = (
				18C93A802B72588900901A96 /* RandomDogGeneratorUITests.swift */,
				18C93A822B72588900901A96 /* RandomDogGeneratorUITestsLaunchTests.swift */,
			);
			path = RandomDogGeneratorUITests;
			sourceTree = "<group>";
		};
/* End PBXGroup section */

/* Begin PBXNativeTarget section */
		18C93A5B2B72587A00901A96 /* RandomDogGenerator */ = {
			isa = PBXNativeTarget;
			buildConfigurationList = 18C93A862B72588900901A96 /* Build configuration list for PBXNativeTarget "RandomDogGenerator" */;
			buildPhases = (
				18C93A582B72587A00901A96 /* Sources */,
				18C93A592B72587A00901A96 /* Frameworks */,
				18C93A5A2B72587A00901A96 /* Resources */,
			);
			buildRules = (
			);
			dependencies = (
			);
			name = RandomDogGenerator;
			productName = RandomDogGenerator;
			productReference = 18C93A5C2B72587A00901A96 /* RandomDogGenerator.app */;
			productType = "com.apple.product-type.application";
		};
		18C93A712B72588900901A96 /* RandomDogGeneratorTests */ = {
			isa = PBXNativeTarget;
			buildConfigurationList = 18C93A892B72588900901A96 /* Build configuration list for PBXNativeTarget "RandomDogGeneratorTests" */;
			buildPhases = (
				18C93A6E2B72588900901A96 /* Sources */,
				18C93A6F2B72588900901A96 /* Frameworks */,
				18C93A702B72588900901A96 /* Resources */,
			);
			buildRules = (
			);
			dependencies = (
				18C93A742B72588900901A96 /* PBXTargetDependency */,
			);
			name = RandomDogGeneratorTests;
			productName = RandomDogGeneratorTests;
			productReference = 18C93A722B72588900901A96 /* RandomDogGeneratorTests.xctest */;
			productType = "com.apple.product-type.bundle.unit-test";
		};
		18C93A7B2B72588900901A96 /* RandomDogGeneratorUITests */ = {
			isa = PBXNativeTarget;
			buildConfigurationList = 18C93A8C2B72588900901A96 /* Build configuration list for PBXNativeTarget "RandomDogGeneratorUITests" */;
			buildPhases = (
				18C93A782B72588900901A96 /* Sources */,
				18C93A792B72588900901A96 /* Frameworks */,
				18C93A7A2B72588900901A96 /* Resources */,
			);
			buildRules = (
			);
			dependencies = (
				18C93A7E2B72588900901A96 /* PBXTargetDependency */,
			);
			name = RandomDogGeneratorUITests;
			productName = RandomDogGeneratorUITests;
			productReference = 18C93A7C2B72588900901A96 /* RandomDogGeneratorUITests.xctest */;
			productType = "com.apple.product-type.bundle.ui-testing";
		};
/* End PBXNativeTarget section */

/* Begin PBXProject section */
		18C93A542B72587A00901A96 /* Project object */ = {
			isa = PBXProject;
			attributes = {
				BuildIndependentTargetsInParallel = 1;
				LastSwiftUpdateCheck = 1520;
				LastUpgradeCheck = 1520;
				TargetAttributes = {
					18C93A5B2B72587A00901A96 = {
						CreatedOnToolsVersion = 15.2;
					};
					18C93A712B72588900901A96 = {
						CreatedOnToolsVersion = 15.2;
						TestTargetID = 18C93A5B2B72587A00901A96;
					};
					18C93A7B2B72588900901A96 = {
						CreatedOnToolsVersion = 15.2;
						TestTargetID = 18C93A5B2B72587A00901A96;
					};
				};
			};
			buildConfigurationList = 18C93A572B72587A00901A96 /* Build configuration list for PBXProject "RandomDogGenerator" */;
			compatibilityVersion = "Xcode 14.0";
			developmentRegion = en;
			hasScannedForEncodings = 0;
			knownRegions = (
				en,
				Base,
			);
			mainGroup = 18C93A532B72587A00901A96;
			productRefGroup = 18C93A5D2B72587A00901A96 /* Products */;
			projectDirPath = "";
			projectRoot = "";
			targets = (
				18C93A5B2B72587A00901A96 /* RandomDogGenerator */,
				18C93A712B72588900901A96 /* RandomDogGeneratorTests */,
				18C93A7B2B72588900901A96 /* RandomDogGeneratorUITests */,
			);
		};
/* End PBXProject section */

/* Begin PBXResourcesBuildPhase section */
		18C93A5A2B72587A00901A96 /* Resources */ = {
			isa = PBXResourcesBuildPhase;
			buildActionMask = 2147483647;
			files = (
				18C93A6C2B72588900901A96 /* LaunchScreen.storyboard in Resources */,
				18C93A692B72588900901A96 /* Assets.xcassets in Resources */,
				18C93A672B72587A00901A96 /* Main.storyboard in Resources */,
			);
			runOnlyForDeploymentPostprocessing = 0;
		};
		18C93A702B72588900901A96 /* Resources */ = {
			isa = PBXResourcesBuildPhase;
			buildActionMask = 2147483647;
			files = (
			);
			runOnlyForDeploymentPostprocessing = 0;
		};
		18C93A7A2B72588900901A96 /* Resources */ = {
			isa = PBXResourcesBuildPhase;
			buildActionMask = 2147483647;
			files = (
			);
			runOnlyForDeploymentPostprocessing = 0;
		};
/* End PBXResourcesBuildPhase section */

/* Begin PBXSourcesBuildPhase section */
		18C93A582B72587A00901A96 /* Sources */ = {
			isa = PBXSourcesBuildPhase;
			buildActionMask = 2147483647;
			files = (
				18C93A642B72587A00901A96 /* ViewController.swift in Sources */,
				18C93A602B72587A00901A96 /* AppDelegate.swift in Sources */,
				18C93A622B72587A00901A96 /* SceneDelegate.swift in Sources */,
			);
			runOnlyForDeploymentPostprocessing = 0;
		};
		18C93A6E2B72588900901A96 /* Sources */ = {
			isa = PBXSourcesBuildPhase;
			buildActionMask = 2147483647;
			files = (
				18C93A772B72588900901A96 /* RandomDogGeneratorTests.swift in Sources */,
			);
			runOnlyForDeploymentPostprocessing = 0;
		};
		18C93A782B72588900901A96 /* Sources */ = {
			isa = PBXSourcesBuildPhase;
			buildActionMask = 2147483647;
			files = (
				18C93A832B72588900901A96 /* RandomDogGeneratorUITestsLaunchTests.swift in Sources */,
				18C93A812B72588900901A96 /* RandomDogGeneratorUITests.swift in Sources */,
			);
			runOnlyForDeploymentPostprocessing = 0;
		};
/* End PBXSourcesBuildPhase section */

/* Begin PBXTargetDependency section */
		18C93A742B72588900901A96 /* PBXTargetDependency */ = {
			isa = PBXTargetDependency;
			target = 18C93A5B2B72587A00901A96 /* RandomDogGenerator */;
			targetProxy = 18C93A732B72588900901A96 /* PBXContainerItemProxy */;
		};
		18C93A7E2B72588900901A96 /* PBXTargetDependency */ = {
			isa = PBXTargetDependency;
			target = 18C93A5B2B72587A00901A96 /* RandomDogGenerator */;
			targetProxy = 18C93A7D2B72588900901A96 /* PBXContainerItemProxy */;
		};
/* End PBXTargetDependency section */

/* Begin PBXVariantGroup section */
		18C93A652B72587A00901A96 /* Main.storyboard */ = {
			isa = PBXVariantGroup;
			children = (
				18C93A662B72587A00901A96 /* Base */,
			);
			name = Main.storyboard;
			sourceTree = "<group>";
		};
		18C93A6A2B72588900901A96 /* LaunchScreen.storyboard */ = {
			isa = PBXVariantGroup;
			children = (
				18C93A6B2B72588900901A96 /* Base */,
			);
			name = LaunchScreen.storyboard;
			sourceTree = "<group>";
		};
/* End PBXVariantGroup section */

/* Begin XCBuildConfiguration section */
		18C93A842B72588900901A96 /* Debug */ = {
			isa = XCBuildConfiguration;
			buildSettings = {
				ALWAYS_SEARCH_USER_PATHS = NO;
				ASSETCATALOG_COMPILER_GENERATE_SWIFT_ASSET_SYMBOL_EXTENSIONS = YES;
				CLANG_ANALYZER_NONNULL = YES;
				CLANG_ANALYZER_NUMBER_OBJECT_CONVERSION = YES_AGGRESSIVE;
				CLANG_CXX_LANGUAGE_STANDARD = "gnu++20";
				CLANG_ENABLE_MODULES = YES;
				CLANG_ENABLE_OBJC_ARC = YES;
				CLANG_ENABLE_OBJC_WEAK = YES;
				CLANG_WARN_BLOCK_CAPTURE_AUTORELEASING = YES;
				CLANG_WARN_BOOL_CONVERSION = YES;
				CLANG_WARN_COMMA = YES;
				CLANG_WARN_CONSTANT_CONVERSION = YES;
				CLANG_WARN_DEPRECATED_OBJC_IMPLEMENTATIONS = YES;
				CLANG_WARN_DIRECT_OBJC_ISA_USAGE = YES_ERROR;
				CLANG_WARN_DOCUMENTATION_COMMENTS = YES;
				CLANG_WARN_EMPTY_BODY = YES;
				CLANG_WARN_ENUM_CONVERSION = YES;
				CLANG_WARN_INFINITE_RECURSION = YES;
				CLANG_WARN_INT_CONVERSION = YES;
				CLANG_WARN_NON_LITERAL_NULL_CONVERSION = YES;
				CLANG_WARN_OBJC_IMPLICIT_RETAIN_SELF = YES;
				CLANG_WARN_OBJC_LITERAL_CONVERSION = YES;
				CLANG_WARN_OBJC_ROOT_CLASS = YES_ERROR;
				CLANG_WARN_QUOTED_INCLUDE_IN_FRAMEWORK_HEADER = YES;
				CLANG_WARN_RANGE_LOOP_ANALYSIS = YES;
				CLANG_WARN_STRICT_PROTOTYPES = YES;
				CLANG_WARN_SUSPICIOUS_MOVE = YES;
				CLANG_WARN_UNGUARDED_AVAILABILITY = YES_AGGRESSIVE;
				CLANG_WARN_UNREACHABLE_CODE = YES;
				CLANG_WARN__DUPLICATE_METHOD_MATCH = YES;
				COPY_PHASE_STRIP = NO;
				DEBUG_INFORMATION_FORMAT = dwarf;
				ENABLE_STRICT_OBJC_MSGSEND = YES;
				ENABLE_TESTABILITY = YES;
				ENABLE_USER_SCRIPT_SANDBOXING = YES;
				GCC_C_LANGUAGE_STANDARD = gnu17;
				GCC_DYNAMIC_NO_PIC = NO;
				GCC_NO_COMMON_BLOCKS = YES;
				GCC_OPTIMIZATION_LEVEL = 0;
				GCC_PREPROCESSOR_DEFINITIONS = (
					"DEBUG=1",
					"$(inherited)",
				);
				GCC_WARN_64_TO_32_BIT_CONVERSION = YES;
				GCC_WARN_ABOUT_RETURN_TYPE = YES_ERROR;
				GCC_WARN_UNDECLARED_SELECTOR = YES;
				GCC_WARN_UNINITIALIZED_AUTOS = YES_AGGRESSIVE;
				GCC_WARN_UNUSED_FUNCTION = YES;
				GCC_WARN_UNUSED_VARIABLE = YES;
				IPHONEOS_DEPLOYMENT_TARGET = 17.2;
				LOCALIZATION_PREFERS_STRING_CATALOGS = YES;
				MTL_ENABLE_DEBUG_INFO = INCLUDE_SOURCE;
				MTL_FAST_MATH = YES;
				ONLY_ACTIVE_ARCH = YES;
				SDKROOT = iphoneos;
				SWIFT_ACTIVE_COMPILATION_CONDITIONS = "DEBUG $(inherited)";
				SWIFT_OPTIMIZATION_LEVEL = "-Onone";
			};
			name = Debug;
		};
		18C93A852B72588900901A96 /* Release */ = {
			isa = XCBuildConfiguration;
			buildSettings = {
				ALWAYS_SEARCH_USER_PATHS = NO;
				ASSETCATALOG_COMPILER_GENERATE_SWIFT_ASSET_SYMBOL_EXTENSIONS = YES;
				CLANG_ANALYZER_NONNULL = YES;
				CLANG_ANALYZER_NUMBER_OBJECT_CONVERSION = YES_AGGRESSIVE;
				CLANG_CXX_LANGUAGE_STANDARD = "gnu++20";
				CLANG_ENABLE_MODULES = YES;
				CLANG_ENABLE_OBJC_ARC = YES;
				CLANG_ENABLE_OBJC_WEAK = YES;
				CLANG_WARN_BLOCK_CAPTURE_AUTORELEASING = YES;
				CLANG_WARN_BOOL_CONVERSION = YES;
				CLANG_WARN_COMMA = YES;
				CLANG_WARN_CONSTANT_CONVERSION = YES;
				CLANG_WARN_DEPRECATED_OBJC_IMPLEMENTATIONS = YES;
				CLANG_WARN_DIRECT_OBJC_ISA_USAGE = YES_ERROR;
				CLANG_WARN_DOCUMENTATION_COMMENTS = YES;
				CLANG_WARN_EMPTY_BODY = YES;
				CLANG_WARN_ENUM_CONVERSION = YES;
				CLANG_WARN_INFINITE_RECURSION = YES;
				CLANG_WARN_INT_CONVERSION = YES;
				CLANG_WARN_NON_LITERAL_NULL_CONVERSION = YES;
				CLANG_WARN_OBJC_IMPLICIT_RETAIN_SELF = YES;
				CLANG_WARN_OBJC_LITERAL_CONVERSION = YES;
				CLANG_WARN_OBJC_ROOT_CLASS = YES_ERROR;
				CLANG_WARN_QUOTED_INCLUDE_IN_FRAMEWORK_HEADER = YES;
				CLANG_WARN_RANGE_LOOP_ANALYSIS = YES;
				CLANG_WARN_STRICT_PROTOTYPES = YES;
				CLANG_WARN_SUSPICIOUS_MOVE = YES;
				CLANG_WARN_UNGUARDED_AVAILABILITY = YES_AGGRESSIVE;
				CLANG_WARN_UNREACHABLE_CODE = YES;
				CLANG_WARN__DUPLICATE_METHOD_MATCH = YES;
				COPY_PHASE_STRIP = NO;
				DEBUG_INFORMATION_FORMAT = "dwarf-with-dsym";
				ENABLE_NS_ASSERTIONS = NO;
				ENABLE_STRICT_OBJC_MSGSEND = YES;
				ENABLE_USER_SCRIPT_SANDBOXING = YES;
				GCC_C_LANGUAGE_STANDARD = gnu17;
				GCC_NO_COMMON_BLOCKS = YES;
				GCC_WARN_64_TO_32_BIT_CONVERSION = YES;
				GCC_WARN_ABOUT_RETURN_TYPE = YES_ERROR;
				GCC_WARN_UNDECLARED_SELECTOR = YES;
				GCC_WARN_UNINITIALIZED_AUTOS = YES_AGGRESSIVE;
				GCC_WARN_UNUSED_FUNCTION = YES;
				GCC_WARN_UNUSED_VARIABLE = YES;
				IPHONEOS_DEPLOYMENT_TARGET = 17.2;
				LOCALIZATION_PREFERS_STRING_CATALOGS = YES;
				MTL_ENABLE_DEBUG_INFO = NO;
				MTL_FAST_MATH = YES;
				SDKROOT = iphoneos;
				SWIFT_COMPILATION_MODE = wholemodule;
				VALIDATE_PRODUCT = YES;
			};
			name = Release;
		};
		18C93A872B72588900901A96 /* Debug */ = {
			isa = XCBuildConfiguration;
			buildSettings = {
				ASSETCATALOG_COMPILER_APPICON_NAME = AppIcon;
				ASSETCATALOG_COMPILER_GLOBAL_ACCENT_COLOR_NAME = AccentColor;
				CODE_SIGN_STYLE = Automatic;
				CURRENT_PROJECT_VERSION = 1;
				DEVELOPMENT_TEAM = RH9Z4T9N5A;
				GENERATE_INFOPLIST_FILE = YES;
				INFOPLIST_FILE = RandomDogGenerator/Info.plist;
				INFOPLIST_KEY_UIApplicationSupportsIndirectInputEvents = YES;
				INFOPLIST_KEY_UILaunchStoryboardName = LaunchScreen;
				INFOPLIST_KEY_UIMainStoryboardFile = Main;
				INFOPLIST_KEY_UISupportedInterfaceOrientations_iPad = "UIInterfaceOrientationPortrait UIInterfaceOrientationPortraitUpsideDown UIInterfaceOrientationLandscapeLeft UIInterfaceOrientationLandscapeRight";
				INFOPLIST_KEY_UISupportedInterfaceOrientations_iPhone = "UIInterfaceOrientationPortrait UIInterfaceOrientationLandscapeLeft UIInterfaceOrientationLandscapeRight";
				LD_RUNPATH_SEARCH_PATHS = (
					"$(inherited)",
					"@executable_path/Frameworks",
				);
				MARKETING_VERSION = 1.0;
				PRODUCT_BUNDLE_IDENTIFIER = com.customfontselection.com.RandomDogGenerator;
				PRODUCT_NAME = "$(TARGET_NAME)";
				SWIFT_EMIT_LOC_STRINGS = YES;
				SWIFT_VERSION = 5.0;
				TARGETED_DEVICE_FAMILY = "1,2";
			};
			name = Debug;
		};
		18C93A882B72588900901A96 /* Release */ = {
			isa = XCBuildConfiguration;
			buildSettings = {
				ASSETCATALOG_COMPILER_APPICON_NAME = AppIcon;
				ASSETCATALOG_COMPILER_GLOBAL_ACCENT_COLOR_NAME = AccentColor;
				CODE_SIGN_STYLE = Automatic;
				CURRENT_PROJECT_VERSION = 1;
				DEVELOPMENT_TEAM = RH9Z4T9N5A;
				GENERATE_INFOPLIST_FILE = YES;
				INFOPLIST_FILE = RandomDogGenerator/Info.plist;
				INFOPLIST_KEY_UIApplicationSupportsIndirectInputEvents = YES;
				INFOPLIST_KEY_UILaunchStoryboardName = LaunchScreen;
				INFOPLIST_KEY_UIMainStoryboardFile = Main;
				INFOPLIST_KEY_UISupportedInterfaceOrientations_iPad = "UIInterfaceOrientationPortrait UIInterfaceOrientationPortraitUpsideDown UIInterfaceOrientationLandscapeLeft UIInterfaceOrientationLandscapeRight";
				INFOPLIST_KEY_UISupportedInterfaceOrientations_iPhone = "UIInterfaceOrientationPortrait UIInterfaceOrientationLandscapeLeft UIInterfaceOrientationLandscapeRight";
				LD_RUNPATH_SEARCH_PATHS = (
					"$(inherited)",
					"@executable_path/Frameworks",
				);
				MARKETING_VERSION = 1.0;
				PRODUCT_BUNDLE_IDENTIFIER = com.customfontselection.com.RandomDogGenerator;
				PRODUCT_NAME = "$(TARGET_NAME)";
				SWIFT_EMIT_LOC_STRINGS = YES;
				SWIFT_VERSION = 5.0;
				TARGETED_DEVICE_FAMILY = "1,2";
			};
			name = Release;
		};
		18C93A8A2B72588900901A96 /* Debug */ = {
			isa = XCBuildConfiguration;
			buildSettings = {
				ALWAYS_EMBED_SWIFT_STANDARD_LIBRARIES = YES;
				BUNDLE_LOADER = "$(TEST_HOST)";
				CODE_SIGN_STYLE = Automatic;
				CURRENT_PROJECT_VERSION = 1;
				DEVELOPMENT_TEAM = RH9Z4T9N5A;
				GENERATE_INFOPLIST_FILE = YES;
				IPHONEOS_DEPLOYMENT_TARGET = 17.2;
				MARKETING_VERSION = 1.0;
				PRODUCT_BUNDLE_IDENTIFIER = com.customfontselection.com.RandomDogGeneratorTests;
				PRODUCT_NAME = "$(TARGET_NAME)";
				SWIFT_EMIT_LOC_STRINGS = NO;
				SWIFT_VERSION = 5.0;
				TARGETED_DEVICE_FAMILY = "1,2";
				TEST_HOST = "$(BUILT_PRODUCTS_DIR)/RandomDogGenerator.app/$(BUNDLE_EXECUTABLE_FOLDER_PATH)/RandomDogGenerator";
			};
			name = Debug;
		};
		18C93A8B2B72588900901A96 /* Release */ = {
			isa = XCBuildConfiguration;
			buildSettings = {
				ALWAYS_EMBED_SWIFT_STANDARD_LIBRARIES = YES;
				BUNDLE_LOADER = "$(TEST_HOST)";
				CODE_SIGN_STYLE = Automatic;
				CURRENT_PROJECT_VERSION = 1;
				DEVELOPMENT_TEAM = RH9Z4T9N5A;
				GENERATE_INFOPLIST_FILE = YES;
				IPHONEOS_DEPLOYMENT_TARGET = 17.2;
				MARKETING_VERSION = 1.0;
				PRODUCT_BUNDLE_IDENTIFIER = com.customfontselection.com.RandomDogGeneratorTests;
				PRODUCT_NAME = "$(TARGET_NAME)";
				SWIFT_EMIT_LOC_STRINGS = NO;
				SWIFT_VERSION = 5.0;
				TARGETED_DEVICE_FAMILY = "1,2";
				TEST_HOST = "$(BUILT_PRODUCTS_DIR)/RandomDogGenerator.app/$(BUNDLE_EXECUTABLE_FOLDER_PATH)/RandomDogGenerator";
			};
			name = Release;
		};
		18C93A8D2B72588900901A96 /* Debug */ = {
			isa = XCBuildConfiguration;
			buildSettings = {
				ALWAYS_EMBED_SWIFT_STANDARD_LIBRARIES = YES;
				CODE_SIGN_STYLE = Automatic;
				CURRENT_PROJECT_VERSION = 1;
				DEVELOPMENT_TEAM = RH9Z4T9N5A;
				GENERATE_INFOPLIST_FILE = YES;
				MARKETING_VERSION = 1.0;
				PRODUCT_BUNDLE_IDENTIFIER = com.customfontselection.com.RandomDogGeneratorUITests;
				PRODUCT_NAME = "$(TARGET_NAME)";
				SWIFT_EMIT_LOC_STRINGS = NO;
				SWIFT_VERSION = 5.0;
				TARGETED_DEVICE_FAMILY = "1,2";
				TEST_TARGET_NAME = RandomDogGenerator;
			};
			name = Debug;
		};
		18C93A8E2B72588900901A96 /* Release */ = {
			isa = XCBuildConfiguration;
			buildSettings = {
				ALWAYS_EMBED_SWIFT_STANDARD_LIBRARIES = YES;
				CODE_SIGN_STYLE = Automatic;
				CURRENT_PROJECT_VERSION = 1;
				DEVELOPMENT_TEAM = RH9Z4T9N5A;
				GENERATE_INFOPLIST_FILE = YES;
				MARKETING_VERSION = 1.0;
				PRODUCT_BUNDLE_IDENTIFIER = com.customfontselection.com.RandomDogGeneratorUITests;
				PRODUCT_NAME = "$(TARGET_NAME)";
				SWIFT_EMIT_LOC_STRINGS = NO;
				SWIFT_VERSION = 5.0;
				TARGETED_DEVICE_FAMILY = "1,2";
				TEST_TARGET_NAME = RandomDogGenerator;
			};
			name = Release;
		};
/* End XCBuildConfiguration section */

/* Begin XCConfigurationList section */
		18C93A572B72587A00901A96 /* Build configuration list for PBXProject "RandomDogGenerator" */ = {
			isa = XCConfigurationList;
			buildConfigurations = (
				18C93A842B72588900901A96 /* Debug */,
				18C93A852B72588900901A96 /* Release */,
			);
			defaultConfigurationIsVisible = 0;
			defaultConfigurationName = Release;
		};
		18C93A862B72588900901A96 /* Build configuration list for PBXNativeTarget "RandomDogGenerator" */ = {
			isa = XCConfigurationList;
			buildConfigurations = (
				18C93A872B72588900901A96 /* Debug */,
				18C93A882B72588900901A96 /* Release */,
			);
			defaultConfigurationIsVisible = 0;
			defaultConfigurationName = Release;
		};
		18C93A892B72588900901A96 /* Build configuration list for PBXNativeTarget "RandomDogGeneratorTests" */ = {
			isa = XCConfigurationList;
			buildConfigurations = (
				18C93A8A2B72588900901A96 /* Debug */,
				18C93A8B2B72588900901A96 /* Release */,
			);
			defaultConfigurationIsVisible = 0;
			defaultConfigurationName = Release;
		};
		18C93A8C2B72588900901A96 /* Build configuration list for PBXNativeTarget "RandomDogGeneratorUITests" */ = {
			isa = XCConfigurationList;
			buildConfigurations = (
				18C93A8D2B72588900901A96 /* Debug */,
				18C93A8E2B72588900901A96 /* Release */,
			);
			defaultConfigurationIsVisible = 0;
			defaultConfigurationName = Release;
		};
/* End XCConfigurationList section */
	};
	rootObject = 18C93A542B72587A00901A96 /* Project object */;
}
